
Microsoft Visual Studio Solution File, Format Version 12.00
# Visual Studio 15
VisualStudioVersion = 15.0.28307.705
MinimumVisualStudioVersion = 10.0.40219.1
Project("{FAE04EC0-301F-11D3-BF4B-00C04F79EFBC}") = "WebApp", "WebApp\WebApp.csproj", "{ED10C44B-A9A0-4679-A7F9-80586151AFA5}"
EndProject
Global
	GlobalSection(SolutionConfigurationPlatforms) = preSolution
		Debug|Any CPU = Debug|Any CPU
		Release|Any CPU = Release|Any CPU
	EndGlobalSection
	GlobalSection(ProjectConfigurationPlatforms) = postSolution
		{ED10C44B-A9A0-4679-A7F9-80586151AFA5}.Debug|Any CPU.ActiveCfg = Debug|Any CPU
		{ED10C44B-A9A0-4679-A7F9-80586151AFA5}.Debug|Any CPU.Build.0 = Debug|Any CPU
		{ED10C44B-A9A0-4679-A7F9-80586151AFA5}.Release|Any CPU.ActiveCfg = Release|Any CPU
		{ED10C44B-A9A0-4679-A7F9-80586151AFA5}.Release|Any CPU.Build.0 = Release|Any CPU
	EndGlobalSection
	GlobalSection(SolutionProperties) = preSolution
		HideSolutionNode = FALSE
	EndGlobalSection
	GlobalSection(ExtensibilityGlobals) = postSolution
		SolutionGuid = {5B25E564-90C2-4E72-9CB4-56731118950A}
	EndGlobalSection
EndGlobal
